// !$*UTF8*$!
{
	archiveVersion = 1;
	classes = {
	};
	objectVersion = 50;
	objects = {

/* Begin PBXBuildFile section */
		161C518F23DA8424005B63F7 /* AppDelegate.swift in Sources */ = {isa = PBXBuildFile; fileRef = 161C518E23DA8424005B63F7 /* AppDelegate.swift */; };
		161C519123DA8424005B63F7 /* ViewController.swift in Sources */ = {isa = PBXBuildFile; fileRef = 161C519023DA8424005B63F7 /* ViewController.swift */; };
		161C519423DA8424005B63F7 /* Main.storyboard in Resources */ = {isa = PBXBuildFile; fileRef = 161C519223DA8424005B63F7 /* Main.storyboard */; };
		161C519723DA8424005B63F7 /* elmenusTask.xcdatamodeld in Sources */ = {isa = PBXBuildFile; fileRef = 161C519523DA8424005B63F7 /* elmenusTask.xcdatamodeld */; };
		161C519923DA8426005B63F7 /* Assets.xcassets in Resources */ = {isa = PBXBuildFile; fileRef = 161C519823DA8426005B63F7 /* Assets.xcassets */; };
		161C519C23DA8426005B63F7 /* LaunchScreen.storyboard in Resources */ = {isa = PBXBuildFile; fileRef = 161C519A23DA8426005B63F7 /* LaunchScreen.storyboard */; };
		161C51A723DA8426005B63F7 /* elmenusTaskTests.swift in Sources */ = {isa = PBXBuildFile; fileRef = 161C51A623DA8426005B63F7 /* elmenusTaskTests.swift */; };
/* End PBXBuildFile section */

/* Begin PBXContainerItemProxy section */
		161C51A323DA8426005B63F7 /* PBXContainerItemProxy */ = {
			isa = PBXContainerItemProxy;
			containerPortal = 161C518323DA8424005B63F7 /* Project object */;
			proxyType = 1;
			remoteGlobalIDString = 161C518A23DA8424005B63F7;
			remoteInfo = elmenusTask;
		};
/* End PBXContainerItemProxy section */

/* Begin PBXFileReference section */
		161C518B23DA8424005B63F7 /* elmenusTask.app */ = {isa = PBXFileReference; explicitFileType = wrapper.application; includeInIndex = 0; path = elmenusTask.app; sourceTree = BUILT_PRODUCTS_DIR; };
		161C518E23DA8424005B63F7 /* AppDelegate.swift */ = {isa = PBXFileReference; lastKnownFileType = sourcecode.swift; path = AppDelegate.swift; sourceTree = "<group>"; };
		161C519023DA8424005B63F7 /* ViewController.swift */ = {isa = PBXFileReference; lastKnownFileType = sourcecode.swift; path = ViewController.swift; sourceTree = "<group>"; };
		161C519323DA8424005B63F7 /* Base */ = {isa = PBXFileReference; lastKnownFileType = file.storyboard; name = Base; path = Base.lproj/Main.storyboard; sourceTree = "<group>"; };
		161C519623DA8424005B63F7 /* elmenusTask.xcdatamodel */ = {isa = PBXFileReference; lastKnownFileType = wrapper.xcdatamodel; path = elmenusTask.xcdatamodel; sourceTree = "<group>"; };
		161C519823DA8426005B63F7 /* Assets.xcassets */ = {isa = PBXFileReference; lastKnownFileType = folder.assetcatalog; path = Assets.xcassets; sourceTree = "<group>"; };
		161C519B23DA8426005B63F7 /* Base */ = {isa = PBXFileReference; lastKnownFileType = file.storyboard; name = Base; path = Base.lproj/LaunchScreen.storyboard; sourceTree = "<group>"; };
		161C519D23DA8426005B63F7 /* Info.plist */ = {isa = PBXFileReference; lastKnownFileType = text.plist.xml; path = Info.plist; sourceTree = "<group>"; };
		161C51A223DA8426005B63F7 /* elmenusTaskTests.xctest */ = {isa = PBXFileReference; explicitFileType = wrapper.cfbundle; includeInIndex = 0; path = elmenusTaskTests.xctest; sourceTree = BUILT_PRODUCTS_DIR; };
		161C51A623DA8426005B63F7 /* elmenusTaskTests.swift */ = {isa = PBXFileReference; lastKnownFileType = sourcecode.swift; path = elmenusTaskTests.swift; sourceTree = "<group>"; };
		161C51A823DA8426005B63F7 /* Info.plist */ = {isa = PBXFileReference; lastKnownFileType = text.plist.xml; path = Info.plist; sourceTree = "<group>"; };
/* End PBXFileReference section */

/* Begin PBXFrameworksBuildPhase section */
		161C518823DA8424005B63F7 /* Frameworks */ = {
			isa = PBXFrameworksBuildPhase;
			buildActionMask = 2147483647;
			files = (
			);
			runOnlyForDeploymentPostprocessing = 0;
		};
		161C519F23DA8426005B63F7 /* Frameworks */ = {
			isa = PBXFrameworksBuildPhase;
			buildActionMask = 2147483647;
			files = (
			);
			runOnlyForDeploymentPostprocessing = 0;
		};
/* End PBXFrameworksBuildPhase section */

/* Begin PBXGroup section */
		161C518223DA8424005B63F7 = {
			isa = PBXGroup;
			children = (
				161C518D23DA8424005B63F7 /* elmenusTask */,
				161C51A523DA8426005B63F7 /* elmenusTaskTests */,
				161C518C23DA8424005B63F7 /* Products */,
			);
			sourceTree = "<group>";
		};
		161C518C23DA8424005B63F7 /* Products */ = {
			isa = PBXGroup;
			children = (
				161C518B23DA8424005B63F7 /* elmenusTask.app */,
				161C51A223DA8426005B63F7 /* elmenusTaskTests.xctest */,
			);
			name = Products;
			sourceTree = "<group>";
		};
		161C518D23DA8424005B63F7 /* elmenusTask */ = {
			isa = PBXGroup;
			children = (
				161C518E23DA8424005B63F7 /* AppDelegate.swift */,
				161C519023DA8424005B63F7 /* ViewController.swift */,
				161C519223DA8424005B63F7 /* Main.storyboard */,
				161C519823DA8426005B63F7 /* Assets.xcassets */,
				161C519A23DA8426005B63F7 /* LaunchScreen.storyboard */,
				161C519D23DA8426005B63F7 /* Info.plist */,
				161C519523DA8424005B63F7 /* elmenusTask.xcdatamodeld */,
			);
			path = elmenusTask;
			sourceTree = "<group>";
		};
		161C51A523DA8426005B63F7 /* elmenusTaskTests */ = {
			isa = PBXGroup;
			children = (
				161C51A623DA8426005B63F7 /* elmenusTaskTests.swift */,
				161C51A823DA8426005B63F7 /* Info.plist */,
			);
			path = elmenusTaskTests;
			sourceTree = "<group>";
		};
/* End PBXGroup section */

/* Begin PBXNativeTarget section */
		161C518A23DA8424005B63F7 /* elmenusTask */ = {
			isa = PBXNativeTarget;
			buildConfigurationList = 161C51AB23DA8426005B63F7 /* Build configuration list for PBXNativeTarget "elmenusTask" */;
			buildPhases = (
				161C518723DA8424005B63F7 /* Sources */,
				161C518823DA8424005B63F7 /* Frameworks */,
				161C518923DA8424005B63F7 /* Resources */,
			);
			buildRules = (
			);
			dependencies = (
			);
			name = elmenusTask;
			productName = elmenusTask;
			productReference = 161C518B23DA8424005B63F7 /* elmenusTask.app */;
			productType = "com.apple.product-type.application";
		};
		161C51A123DA8426005B63F7 /* elmenusTaskTests */ = {
			isa = PBXNativeTarget;
			buildConfigurationList = 161C51AE23DA8426005B63F7 /* Build configuration list for PBXNativeTarget "elmenusTaskTests" */;
			buildPhases = (
				161C519E23DA8426005B63F7 /* Sources */,
				161C519F23DA8426005B63F7 /* Frameworks */,
				161C51A023DA8426005B63F7 /* Resources */,
			);
			buildRules = (
			);
			dependencies = (
				161C51A423DA8426005B63F7 /* PBXTargetDependency */,
			);
			name = elmenusTaskTests;
			productName = elmenusTaskTests;
			productReference = 161C51A223DA8426005B63F7 /* elmenusTaskTests.xctest */;
			productType = "com.apple.product-type.bundle.unit-test";
		};
/* End PBXNativeTarget section */

/* Begin PBXProject section */
		161C518323DA8424005B63F7 /* Project object */ = {
			isa = PBXProject;
			attributes = {
				LastSwiftUpdateCheck = 1020;
				LastUpgradeCheck = 1020;
				ORGANIZATIONNAME = elmenus;
				TargetAttributes = {
					161C518A23DA8424005B63F7 = {
						CreatedOnToolsVersion = 10.2.1;
					};
					161C51A123DA8426005B63F7 = {
						CreatedOnToolsVersion = 10.2.1;
						TestTargetID = 161C518A23DA8424005B63F7;
					};
				};
			};
			buildConfigurationList = 161C518623DA8424005B63F7 /* Build configuration list for PBXProject "elmenusTask" */;
			compatibilityVersion = "Xcode 9.3";
			developmentRegion = en;
			hasScannedForEncodings = 0;
			knownRegions = (
				en,
				Base,
			);
			mainGroup = 161C518223DA8424005B63F7;
			productRefGroup = 161C518C23DA8424005B63F7 /* Products */;
			projectDirPath = "";
			projectRoot = "";
			targets = (
				161C518A23DA8424005B63F7 /* elmenusTask */,
				161C51A123DA8426005B63F7 /* elmenusTaskTests */,
			);
		};
/* End PBXProject section */

/* Begin PBXResourcesBuildPhase section */
		161C518923DA8424005B63F7 /* Resources */ = {
			isa = PBXResourcesBuildPhase;
			buildActionMask = 2147483647;
			files = (
				161C519C23DA8426005B63F7 /* LaunchScreen.storyboard in Resources */,
				161C519923DA8426005B63F7 /* Assets.xcassets in Resources */,
				161C519423DA8424005B63F7 /* Main.storyboard in Resources */,
			);
			runOnlyForDeploymentPostprocessing = 0;
		};
		161C51A023DA8426005B63F7 /* Resources */ = {
			isa = PBXResourcesBuildPhase;
			buildActionMask = 2147483647;
			files = (
			);
			runOnlyForDeploymentPostprocessing = 0;
		};
/* End PBXResourcesBuildPhase section */

/* Begin PBXSourcesBuildPhase section */
		161C518723DA8424005B63F7 /* Sources */ = {
			isa = PBXSourcesBuildPhase;
			buildActionMask = 2147483647;
			files = (
				161C519723DA8424005B63F7 /* elmenusTask.xcdatamodeld in Sources */,
				161C519123DA8424005B63F7 /* ViewController.swift in Sources */,
				161C518F23DA8424005B63F7 /* AppDelegate.swift in Sources */,
			);
			runOnlyForDeploymentPostprocessing = 0;
		};
		161C519E23DA8426005B63F7 /* Sources */ = {
			isa = PBXSourcesBuildPhase;
			buildActionMask = 2147483647;
			files = (
				161C51A723DA8426005B63F7 /* elmenusTaskTests.swift in Sources */,
			);
			runOnlyForDeploymentPostprocessing = 0;
		};
/* End PBXSourcesBuildPhase section */

/* Begin PBXTargetDependency section */
		161C51A423DA8426005B63F7 /* PBXTargetDependency */ = {
			isa = PBXTargetDependency;
			target = 161C518A23DA8424005B63F7 /* elmenusTask */;
			targetProxy = 161C51A323DA8426005B63F7 /* PBXContainerItemProxy */;
		};
/* End PBXTargetDependency section */

/* Begin PBXVariantGroup section */
		161C519223DA8424005B63F7 /* Main.storyboard */ = {
			isa = PBXVariantGroup;
			children = (
				161C519323DA8424005B63F7 /* Base */,
			);
			name = Main.storyboard;
			sourceTree = "<group>";
		};
		161C519A23DA8426005B63F7 /* LaunchScreen.storyboard */ = {
			isa = PBXVariantGroup;
			children = (
				161C519B23DA8426005B63F7 /* Base */,
			);
			name = LaunchScreen.storyboard;
			sourceTree = "<group>";
		};
/* End PBXVariantGroup section */

/* Begin XCBuildConfiguration section */
		161C51A923DA8426005B63F7 /* Debug */ = {
			isa = XCBuildConfiguration;
			buildSettings = {
				ALWAYS_SEARCH_USER_PATHS = NO;
				CLANG_ANALYZER_NONNULL = YES;
				CLANG_ANALYZER_NUMBER_OBJECT_CONVERSION = YES_AGGRESSIVE;
				CLANG_CXX_LANGUAGE_STANDARD = "gnu++14";
				CLANG_CXX_LIBRARY = "libc++";
				CLANG_ENABLE_MODULES = YES;
				CLANG_ENABLE_OBJC_ARC = YES;
				CLANG_ENABLE_OBJC_WEAK = YES;
				CLANG_WARN_BLOCK_CAPTURE_AUTORELEASING = YES;
				CLANG_WARN_BOOL_CONVERSION = YES;
				CLANG_WARN_COMMA = YES;
				CLANG_WARN_CONSTANT_CONVERSION = YES;
				CLANG_WARN_DEPRECATED_OBJC_IMPLEMENTATIONS = YES;
				CLANG_WARN_DIRECT_OBJC_ISA_USAGE = YES_ERROR;
				CLANG_WARN_DOCUMENTATION_COMMENTS = YES;
				CLANG_WARN_EMPTY_BODY = YES;
				CLANG_WARN_ENUM_CONVERSION = YES;
				CLANG_WARN_INFINITE_RECURSION = YES;
				CLANG_WARN_INT_CONVERSION = YES;
				CLANG_WARN_NON_LITERAL_NULL_CONVERSION = YES;
				CLANG_WARN_OBJC_IMPLICIT_RETAIN_SELF = YES;
				CLANG_WARN_OBJC_LITERAL_CONVERSION = YES;
				CLANG_WARN_OBJC_ROOT_CLASS = YES_ERROR;
				CLANG_WARN_RANGE_LOOP_ANALYSIS = YES;
				CLANG_WARN_STRICT_PROTOTYPES = YES;
				CLANG_WARN_SUSPICIOUS_MOVE = YES;
				CLANG_WARN_UNGUARDED_AVAILABILITY = YES_AGGRESSIVE;
				CLANG_WARN_UNREACHABLE_CODE = YES;
				CLANG_WARN__DUPLICATE_METHOD_MATCH = YES;
				CODE_SIGN_IDENTITY = "iPhone Developer";
				COPY_PHASE_STRIP = NO;
				DEBUG_INFORMATION_FORMAT = dwarf;
				ENABLE_STRICT_OBJC_MSGSEND = YES;
				ENABLE_TESTABILITY = YES;
				GCC_C_LANGUAGE_STANDARD = gnu11;
				GCC_DYNAMIC_NO_PIC = NO;
				GCC_NO_COMMON_BLOCKS = YES;
				GCC_OPTIMIZATION_LEVEL = 0;
				GCC_PREPROCESSOR_DEFINITIONS = (
					"DEBUG=1",
					"$(inherited)",
				);
				GCC_WARN_64_TO_32_BIT_CONVERSION = YES;
				GCC_WARN_ABOUT_RETURN_TYPE = YES_ERROR;
				GCC_WARN_UNDECLARED_SELECTOR = YES;
				GCC_WARN_UNINITIALIZED_AUTOS = YES_AGGRESSIVE;
				GCC_WARN_UNUSED_FUNCTION = YES;
				GCC_WARN_UNUSED_VARIABLE = YES;
				IPHONEOS_DEPLOYMENT_TARGET = 12.2;
				MTL_ENABLE_DEBUG_INFO = INCLUDE_SOURCE;
				MTL_FAST_MATH = YES;
				ONLY_ACTIVE_ARCH = YES;
				SDKROOT = iphoneos;
				SWIFT_ACTIVE_COMPILATION_CONDITIONS = DEBUG;
				SWIFT_OPTIMIZATION_LEVEL = "-Onone";
			};
			name = Debug;
		};
		161C51AA23DA8426005B63F7 /* Release */ = {
			isa = XCBuildConfiguration;
			buildSettings = {
				ALWAYS_SEARCH_USER_PATHS = NO;
				CLANG_ANALYZER_NONNULL = YES;
				CLANG_ANALYZER_NUMBER_OBJECT_CONVERSION = YES_AGGRESSIVE;
				CLANG_CXX_LANGUAGE_STANDARD = "gnu++14";
				CLANG_CXX_LIBRARY = "libc++";
				CLANG_ENABLE_MODULES = YES;
				CLANG_ENABLE_OBJC_ARC = YES;
				CLANG_ENABLE_OBJC_WEAK = YES;
				CLANG_WARN_BLOCK_CAPTURE_AUTORELEASING = YES;
				CLANG_WARN_BOOL_CONVERSION = YES;
				CLANG_WARN_COMMA = YES;
				CLANG_WARN_CONSTANT_CONVERSION = YES;
				CLANG_WARN_DEPRECATED_OBJC_IMPLEMENTATIONS = YES;
				CLANG_WARN_DIRECT_OBJC_ISA_USAGE = YES_ERROR;
				CLANG_WARN_DOCUMENTATION_COMMENTS = YES;
				CLANG_WARN_EMPTY_BODY = YES;
				CLANG_WARN_ENUM_CONVERSION = YES;
				CLANG_WARN_INFINITE_RECURSION = YES;
				CLANG_WARN_INT_CONVERSION = YES;
				CLANG_WARN_NON_LITERAL_NULL_CONVERSION = YES;
				CLANG_WARN_OBJC_IMPLICIT_RETAIN_SELF = YES;
				CLANG_WARN_OBJC_LITERAL_CONVERSION = YES;
				CLANG_WARN_OBJC_ROOT_CLASS = YES_ERROR;
				CLANG_WARN_RANGE_LOOP_ANALYSIS = YES;
				CLANG_WARN_STRICT_PROTOTYPES = YES;
				CLANG_WARN_SUSPICIOUS_MOVE = YES;
				CLANG_WARN_UNGUARDED_AVAILABILITY = YES_AGGRESSIVE;
				CLANG_WARN_UNREACHABLE_CODE = YES;
				CLANG_WARN__DUPLICATE_METHOD_MATCH = YES;
				CODE_SIGN_IDENTITY = "iPhone Developer";
				COPY_PHASE_STRIP = NO;
				DEBUG_INFORMATION_FORMAT = "dwarf-with-dsym";
				ENABLE_NS_ASSERTIONS = NO;
				ENABLE_STRICT_OBJC_MSGSEND = YES;
				GCC_C_LANGUAGE_STANDARD = gnu11;
				GCC_NO_COMMON_BLOCKS = YES;
				GCC_WARN_64_TO_32_BIT_CONVERSION = YES;
				GCC_WARN_ABOUT_RETURN_TYPE = YES_ERROR;
				GCC_WARN_UNDECLARED_SELECTOR = YES;
				GCC_WARN_UNINITIALIZED_AUTOS = YES_AGGRESSIVE;
				GCC_WARN_UNUSED_FUNCTION = YES;
				GCC_WARN_UNUSED_VARIABLE = YES;
				IPHONEOS_DEPLOYMENT_TARGET = 12.2;
				MTL_ENABLE_DEBUG_INFO = NO;
				MTL_FAST_MATH = YES;
				SDKROOT = iphoneos;
				SWIFT_COMPILATION_MODE = wholemodule;
				SWIFT_OPTIMIZATION_LEVEL = "-O";
				VALIDATE_PRODUCT = YES;
			};
			name = Release;
		};
		161C51AC23DA8426005B63F7 /* Debug */ = {
			isa = XCBuildConfiguration;
			buildSettings = {
				ASSETCATALOG_COMPILER_APPICON_NAME = AppIcon;
				CODE_SIGN_STYLE = Automatic;
				DEVELOPMENT_TEAM = 5R2Z9F2376;
				INFOPLIST_FILE = elmenusTask/Info.plist;
				LD_RUNPATH_SEARCH_PATHS = (
					"$(inherited)",
					"@executable_path/Frameworks",
				);
				PRODUCT_BUNDLE_IDENTIFIER = com.ElMenus.elmenusTask;
				PRODUCT_NAME = "$(TARGET_NAME)";
				SWIFT_VERSION = 5.0;
				TARGETED_DEVICE_FAMILY = "1,2";
			};
			name = Debug;
		};
		161C51AD23DA8426005B63F7 /* Release */ = {
			isa = XCBuildConfiguration;
			buildSettings = {
				ASSETCATALOG_COMPILER_APPICON_NAME = AppIcon;
				CODE_SIGN_STYLE = Automatic;
				DEVELOPMENT_TEAM = 5R2Z9F2376;
				INFOPLIST_FILE = elmenusTask/Info.plist;
				LD_RUNPATH_SEARCH_PATHS = (
					"$(inherited)",
					"@executable_path/Frameworks",
				);
				PRODUCT_BUNDLE_IDENTIFIER = com.ElMenus.elmenusTask;
				PRODUCT_NAME = "$(TARGET_NAME)";
				SWIFT_VERSION = 5.0;
				TARGETED_DEVICE_FAMILY = "1,2";
			};
			name = Release;
		};
		161C51AF23DA8426005B63F7 /* Debug */ = {
			isa = XCBuildConfiguration;
			buildSettings = {
				ALWAYS_EMBED_SWIFT_STANDARD_LIBRARIES = YES;
				BUNDLE_LOADER = "$(TEST_HOST)";
				CODE_SIGN_STYLE = Automatic;
				DEVELOPMENT_TEAM = 5R2Z9F2376;
				INFOPLIST_FILE = elmenusTaskTests/Info.plist;
				LD_RUNPATH_SEARCH_PATHS = (
					"$(inherited)",
					"@executable_path/Frameworks",
					"@loader_path/Frameworks",
				);
				PRODUCT_BUNDLE_IDENTIFIER = com.ElMenus.elmenusTaskTests;
				PRODUCT_NAME = "$(TARGET_NAME)";
				SWIFT_VERSION = 5.0;
				TARGETED_DEVICE_FAMILY = "1,2";
				TEST_HOST = "$(BUILT_PRODUCTS_DIR)/elmenusTask.app/elmenusTask";
			};
			name = Debug;
		};
		161C51B023DA8426005B63F7 /* Release */ = {
			isa = XCBuildConfiguration;
			buildSettings = {
				ALWAYS_EMBED_SWIFT_STANDARD_LIBRARIES = YES;
				BUNDLE_LOADER = "$(TEST_HOST)";
				CODE_SIGN_STYLE = Automatic;
				DEVELOPMENT_TEAM = 5R2Z9F2376;
				INFOPLIST_FILE = elmenusTaskTests/Info.plist;
				LD_RUNPATH_SEARCH_PATHS = (
					"$(inherited)",
					"@executable_path/Frameworks",
					"@loader_path/Frameworks",
				);
				PRODUCT_BUNDLE_IDENTIFIER = com.ElMenus.elmenusTaskTests;
				PRODUCT_NAME = "$(TARGET_NAME)";
				SWIFT_VERSION = 5.0;
				TARGETED_DEVICE_FAMILY = "1,2";
				TEST_HOST = "$(BUILT_PRODUCTS_DIR)/elmenusTask.app/elmenusTask";
			};
			name = Release;
		};
/* End XCBuildConfiguration section */

/* Begin XCConfigurationList section */
		161C518623DA8424005B63F7 /* Build configuration list for PBXProject "elmenusTask" */ = {
			isa = XCConfigurationList;
			buildConfigurations = (
				161C51A923DA8426005B63F7 /* Debug */,
				161C51AA23DA8426005B63F7 /* Release */,
			);
			defaultConfigurationIsVisible = 0;
			defaultConfigurationName = Release;
		};
		161C51AB23DA8426005B63F7 /* Build configuration list for PBXNativeTarget "elmenusTask" */ = {
			isa = XCConfigurationList;
			buildConfigurations = (
				161C51AC23DA8426005B63F7 /* Debug */,
				161C51AD23DA8426005B63F7 /* Release */,
			);
			defaultConfigurationIsVisible = 0;
			defaultConfigurationName = Release;
		};
		161C51AE23DA8426005B63F7 /* Build configuration list for PBXNativeTarget "elmenusTaskTests" */ = {
			isa = XCConfigurationList;
			buildConfigurations = (
				161C51AF23DA8426005B63F7 /* Debug */,
				161C51B023DA8426005B63F7 /* Release */,
			);
			defaultConfigurationIsVisible = 0;
			defaultConfigurationName = Release;
		};
/* End XCConfigurationList section */

/* Begin XCVersionGroup section */
		161C519523DA8424005B63F7 /* elmenusTask.xcdatamodeld */ = {
			isa = XCVersionGroup;
			children = (
				161C519623DA8424005B63F7 /* elmenusTask.xcdatamodel */,
			);
			currentVersion = 161C519623DA8424005B63F7 /* elmenusTask.xcdatamodel */;
			path = elmenusTask.xcdatamodeld;
			sourceTree = "<group>";
			versionGroupType = wrapper.xcdatamodel;
		};
/* End XCVersionGroup section */
	};
	rootObject = 161C518323DA8424005B63F7 /* Project object */;
}
